<?xml version="1.0" encoding="utf-8"?>
<Project ToolsVersion="4.0" xmlns="http://schemas.microsoft.com/developer/msbuild/2003">
  <ItemGroup>
    <Filter Include="Source Files">
      <UniqueIdentifier>{4FC737F1-C7A5-4376-A066-2A32D752A2FF}</UniqueIdentifier>
      <Extensions>cpp;c;cc;cxx;def;odl;idl;hpj;bat;asm;asmx</Extensions>
    </Filter>
    <Filter Include="Header Files">
      <UniqueIdentifier>{93995380-89BD-4b04-88EB-625FBE52EBFB}</UniqueIdentifier>
      <Extensions>h;hh;hpp;hxx;hm;inl;inc;xsd</Extensions>
    </Filter>
    <Filter Include="Resource Files">
      <UniqueIdentifier>{67DA6AB6-F800-4c08-8B7A-83BB121AAD01}</UniqueIdentifier>
      <Extensions>rc;ico;cur;bmp;dlg;rc2;rct;bin;rgs;gif;jpg;jpeg;jpe;resx;tiff;tif;png;wav;mfcribbon-ms</Extensions>
    </Filter>
    <Filter Include="Header Files\construct">
      <UniqueIdentifier>{411d3230-b4bf-407f-bd25-3bfaffdaa331}</UniqueIdentifier>
    </Filter>
    <Filter Include="Source Files\construct">
      <UniqueIdentifier>{7b692283-f609-4370-b55b-f34933f156fa}</UniqueIdentifier>
    </Filter>
    <Filter Include="Header Files\primitive">
      <UniqueIdentifier>{c242863b-29b8-4e4d-8bbb-326455f024d6}</UniqueIdentifier>
    </Filter>
    <Filter Include="Source Files\primitive">
      <UniqueIdentifier>{fbb2b709-1cf5-43ab-a81c-69fdc892bf73}</UniqueIdentifier>
    </Filter>
    <Filter Include="Source Files\primitive\impl">
      <UniqueIdentifier>{df0dea1f-ec15-4214-b59f-da66cd075e8e}</UniqueIdentifier>
    </Filter>
    <Filter Include="Header Files\primitive\impl">
      <UniqueIdentifier>{592ba08e-cbe8-46cb-b933-38ecd123c3fe}</UniqueIdentifier>
    </Filter>
    <Filter Include="Header Files\struct">
      <UniqueIdentifier>{fa686db8-339f-4fb3-a9d1-224e0deb4aa9}</UniqueIdentifier>
    </Filter>
    <Filter Include="Source Files\struct">
      <UniqueIdentifier>{f6ef2539-6b34-46e4-8a41-1da970d2412e}</UniqueIdentifier>
    </Filter>
  </ItemGroup>
  <ItemGroup>
    <ClCompile Include="kansoku.cpp">
      <Filter>Source Files</Filter>
    </ClCompile>
    <ClCompile Include="ray3.cpp">
      <Filter>Source Files\construct</Filter>
    </ClCompile>
    <ClCompile Include="vec3.cpp">
      <Filter>Source Files\construct</Filter>
    </ClCompile>
    <ClCompile Include="intersectable.cpp">
      <Filter>Source Files\primitive</Filter>
    </ClCompile>
    <ClCompile Include="primitive.cpp">
      <Filter>Source Files\primitive</Filter>
    </ClCompile>
    <ClCompile Include="intersection.cpp">
      <Filter>Source Files\construct</Filter>
    </ClCompile>
    <ClCompile Include="world.cpp">
      <Filter>Source Files</Filter>
    </ClCompile>
    <ClCompile Include="camera.cpp">
      <Filter>Source Files</Filter>
    </ClCompile>
    <ClCompile Include="triangle.cpp">
      <Filter>Source Files\primitive\impl</Filter>
    </ClCompile>
    <ClCompile Include="plane.cpp">
      <Filter>Source Files\primitive\impl</Filter>
    </ClCompile>
    <ClCompile Include="box.cpp">
      <Filter>Source Files\primitive\impl</Filter>
    </ClCompile>
    <ClCompile Include="bvh_node.cpp">
      <Filter>Source Files\struct</Filter>
    </ClCompile>
  </ItemGroup>
  <ItemGroup>
    <ClInclude Include="constants.h">
      <Filter>Header Files</Filter>
    </ClInclude>
    <ClInclude Include="ray3.h">
      <Filter>Header Files\construct</Filter>
    </ClInclude>
    <ClInclude Include="vec3.h">
      <Filter>Header Files\construct</Filter>
    </ClInclude>
    <ClInclude Include="intersectable.h">
      <Filter>Header Files\primitive</Filter>
    </ClInclude>
    <ClInclude Include="primitive.h">
      <Filter>Header Files\primitive</Filter>
    </ClInclude>
    <ClInclude Include="intersection.h">
      <Filter>Header Files\construct</Filter>
    </ClInclude>
    <ClInclude Include="world.h">
      <Filter>Header Files</Filter>
    </ClInclude>
    <ClInclude Include="camera.h">
      <Filter>Header Files</Filter>
    </ClInclude>
    <ClInclude Include="box.h">
      <Filter>Header Files\primitive\impl</Filter>
    </ClInclude>
    <ClInclude Include="plane.h">
      <Filter>Header Files\primitive\impl</Filter>
    </ClInclude>
    <ClInclude Include="triangle.h">
      <Filter>Header Files\primitive\impl</Filter>
    </ClInclude>
    <ClInclude Include="bvh_node.h">
      <Filter>Header Files\struct</Filter>
    </ClInclude>
  </ItemGroup>
  <ItemGroup>
    <None Include="SDL2.dll" />
  </ItemGroup>
  <ItemGroup>
    <Library Include="..\..\_libraries\SDL2-2.0.5\lib\x86\SDL2.lib" />
    <Library Include="..\..\_libraries\SDL2-2.0.5\lib\x86\SDL2main.lib" />
  </ItemGroup>
</Project>